
Microsoft Visual Studio Solution File, Format Version 12.00
# Visual Studio 2012
Project("{FAE04EC0-301F-11D3-BF4B-00C04F79EFBC}") = "Google Analytics", "Google Analytics\Google Analytics.csproj", "{4EBCF0CE-B2CC-464E-8F91-58131FAFA306}"
EndProject
Global
	GlobalSection(SolutionConfigurationPlatforms) = preSolution
		Debug|Any CPU = Debug|Any CPU
		Release|Any CPU = Release|Any CPU
	EndGlobalSection
	GlobalSection(ProjectConfigurationPlatforms) = postSolution
		{4EBCF0CE-B2CC-464E-8F91-58131FAFA306}.Debug|Any CPU.ActiveCfg = Debug|Any CPU
		{4EBCF0CE-B2CC-464E-8F91-58131FAFA306}.Debug|Any CPU.Build.0 = Debug|Any CPU
		{4EBCF0CE-B2CC-464E-8F91-58131FAFA306}.Release|Any CPU.ActiveCfg = Release|Any CPU
		{4EBCF0CE-B2CC-464E-8F91-58131FAFA306}.Release|Any CPU.Build.0 = Release|Any CPU
	EndGlobalSection
	GlobalSection(SolutionProperties) = preSolution
		HideSolutionNode = FALSE
	EndGlobalSection
EndGlobal
